
Microsoft Visual Studio Solution File, Format Version 12.00
# Visual Studio Version 17
VisualStudioVersion = 17.8.34330.188
MinimumVisualStudioVersion = 10.0.40219.1
Project("{8BC9CEB8-8B4A-11D0-8D11-00A0C91BC942}") = "FFL-Loader", "avp-asset-suite\avp-asset-suite.vcxproj", "{EA0DC0AE-5933-4BD0-A17E-C3A22CE7CFA6}"
EndProject
Project("{8BC9CEB8-8B4A-11D0-8D11-00A0C91BC942}") = "RIF-Loader", "RIF-Loader\RIF-Loader.vcxproj", "{6955623F-29B4-4682-981D-DA90C13619A2}"
EndProject
Project("{8BC9CEB8-8B4A-11D0-8D11-00A0C91BC942}") = "RIF-Loader-CPP", "RIF-Loader-CPP\RIF-Loader-CPP.vcxproj", "{CAA2DBB2-4B26-4D0A-AA64-8C1569500AEB}"
EndProject
Global
	GlobalSection(SolutionConfigurationPlatforms) = preSolution
		Debug|x64 = Debug|x64
		Debug|x86 = Debug|x86
		Release|x64 = Release|x64
		Release|x86 = Release|x86
	EndGlobalSection
	GlobalSection(ProjectConfigurationPlatforms) = postSolution
		{EA0DC0AE-5933-4BD0-A17E-C3A22CE7CFA6}.Debug|x64.ActiveCfg = Debug|x64
		{EA0DC0AE-5933-4BD0-A17E-C3A22CE7CFA6}.Debug|x64.Build.0 = Debug|x64
		{EA0DC0AE-5933-4BD0-A17E-C3A22CE7CFA6}.Debug|x86.ActiveCfg = Debug|Win32
		{EA0DC0AE-5933-4BD0-A17E-C3A22CE7CFA6}.Debug|x86.Build.0 = Debug|Win32
		{EA0DC0AE-5933-4BD0-A17E-C3A22CE7CFA6}.Release|x64.ActiveCfg = Release|x64
		{EA0DC0AE-5933-4BD0-A17E-C3A22CE7CFA6}.Release|x64.Build.0 = Release|x64
		{EA0DC0AE-5933-4BD0-A17E-C3A22CE7CFA6}.Release|x86.ActiveCfg = Release|Win32
		{EA0DC0AE-5933-4BD0-A17E-C3A22CE7CFA6}.Release|x86.Build.0 = Release|Win32
		{6955623F-29B4-4682-981D-DA90C13619A2}.Debug|x64.ActiveCfg = Debug|x64
		{6955623F-29B4-4682-981D-DA90C13619A2}.Debug|x64.Build.0 = Debug|x64
		{6955623F-29B4-4682-981D-DA90C13619A2}.Debug|x86.ActiveCfg = Debug|Win32
		{6955623F-29B4-4682-981D-DA90C13619A2}.Debug|x86.Build.0 = Debug|Win32
		{6955623F-29B4-4682-981D-DA90C13619A2}.Release|x64.ActiveCfg = Release|x64
		{6955623F-29B4-4682-981D-DA90C13619A2}.Release|x64.Build.0 = Release|x64
		{6955623F-29B4-4682-981D-DA90C13619A2}.Release|x86.ActiveCfg = Release|Win32
		{6955623F-29B4-4682-981D-DA90C13619A2}.Release|x86.Build.0 = Release|Win32
		{CAA2DBB2-4B26-4D0A-AA64-8C1569500AEB}.Debug|x64.ActiveCfg = Debug|x64
		{CAA2DBB2-4B26-4D0A-AA64-8C1569500AEB}.Debug|x64.Build.0 = Debug|x64
		{CAA2DBB2-4B26-4D0A-AA64-8C1569500AEB}.Debug|x86.ActiveCfg = Debug|Win32
		{CAA2DBB2-4B26-4D0A-AA64-8C1569500AEB}.Debug|x86.Build.0 = Debug|Win32
		{CAA2DBB2-4B26-4D0A-AA64-8C1569500AEB}.Release|x64.ActiveCfg = Release|x64
		{CAA2DBB2-4B26-4D0A-AA64-8C1569500AEB}.Release|x64.Build.0 = Release|x64
		{CAA2DBB2-4B26-4D0A-AA64-8C1569500AEB}.Release|x86.ActiveCfg = Release|Win32
		{CAA2DBB2-4B26-4D0A-AA64-8C1569500AEB}.Release|x86.Build.0 = Release|Win32
	EndGlobalSection
	GlobalSection(SolutionProperties) = preSolution
		HideSolutionNode = FALSE
	EndGlobalSection
	GlobalSection(ExtensibilityGlobals) = postSolution
		SolutionGuid = {056B1896-260F-42F9-890F-90702E02F7A9}
	EndGlobalSection
EndGlobal
